{
    "_readme": [
        "This file locks the dependencies of your project to a known state",
        "Read more about it at https://getcomposer.org/doc/01-basic-usage.md#composer-lock-the-lock-file",
        "This file is @generated automatically"
    ],
    "content-hash": "feba362b3c74263ad69fb32a73a8f4d0",
    "packages": [
        {
            "name": "svanderburg/php-sbcrud",
            "version": "dev-master",
            "source": {
                "type": "git",
                "url": "https://github.com/svanderburg/php-sbcrud.git",
                "reference": "f2f6f5bac0cb3796667fa1e57ddc71321238806b"
            },
            "require": {
                "svanderburg/php-sbdata": "dev-master",
                "svanderburg/php-sblayout": "dev-master"
            },
            "type": "library",
            "autoload": {
                "psr-4": {
                    "SBCrud\\": "src/SBCrud"
                }
            },
            "autoload-dev": {
                "psr-4": {
                    "Example\\": "example/includes"
                }
            },
            "license": [
                "Apache-2.0"
            ],
            "authors": [
                {
                    "name": "Sander van der Burg",
                    "email": "svanderburg@gmail.com",
                    "homepage": "http://sandervanderburg.nl"
                }
            ],
            "description": "Abstractions to construct web-based information systems",
            "time": "2017-08-18 20:43:16"
        },
        {
            "name": "svanderburg/php-sbdata",
            "version": "dev-master",
            "source": {
                "type": "git",
                "url": "https://github.com/svanderburg/php-sbdata.git",
                "reference": "0f6422e13778bbb58fc95b75d3dc3f1ae972613d"
            },
            "require-dev": {
                "abeautifulsite/simple-php-captcha": "1.0.x",
                "phpunit/phpunit": "4.x"
            },
            "type": "library",
            "autoload": {
                "psr-4": {
                    "SBData\\": "src/SBData"
                },
                "files": [
                    "src/SBData/View/HTML/table.php",
                    "src/SBData/View/HTML/form.php",
                    "src/SBData/View/HTML/field.php",
                    "src/SBData/View/HTML/Field/arraycomboboxfield.php",
                    "src/SBData/View/HTML/Field/textareafield.php",
                    "src/SBData/View/HTML/Field/checkboxfield.php",
                    "src/SBData/View/HTML/Field/numericinttextfield.php",
                    "src/SBData/View/HTML/Field/emailfield.php",
                    "src/SBData/View/HTML/Field/keylinkfield.php",
                    "src/SBData/View/HTML/Field/readonlynumericinttextfield.php",
                    "src/SBData/View/HTML/Field/filefield.php",
                    "src/SBData/View/HTML/Field/datefield.php",
                    "src/SBData/View/HTML/Field/passwordfield.php",
                    "src/SBData/View/HTML/Field/textfield.php",
                    "src/SBData/View/HTML/Field/hiddenfield.php",
                    "src/SBData/View/HTML/Field/dbcomboboxfield.php",
                    "src/SBData/View/HTML/Field/urlfield.php"
                ]
            },
            "autoload-dev": {
                "psr-4": {
                    "Examples\\Books\\": "examples/books/includes",
                    "Examples\\CAPTCHA\\": "examples/captcha/includes"
                },
                "files": [
                    "examples/captcha/includes/View/HTML/Field/captchafield.php"
                ]
            },
            "license": [
                "Apache-2.0"
            ],
            "authors": [
                {
                    "name": "Sander van der Burg",
                    "email": "svanderburg@gmail.com",
                    "homepage": "http://sandervanderburg.nl"
                }
            ],
            "description": "Abstractions to deal with checking and displaying fields, forms and tables in web applications",
            "time": "2017-09-16 17:49:35"
        },
        {
            "name": "svanderburg/php-sbeditor",
            "version": "dev-master",
            "source": {
                "type": "git",
                "url": "https://github.com/svanderburg/php-sbeditor.git",
                "reference": "fa0d7517d81b43ac5d980d15132967c976efb588"
            },
            "require-dev": {
                "svanderburg/php-sbdata": "dev-master"
            },
            "type": "library",
            "autoload": {
                "psr-4": {
                    "SBEditor\\": "src/SBEditor"
                },
                "files": [
                    "src/SBEditor/View/HTML/htmleditor.php",
                    "src/SBEditor/View/HTML/Field/htmleditorfield.php"
                ]
            },
            "license": [
                "Apache-2.0"
            ],
            "authors": [
                {
                    "name": "Sander van der Burg",
                    "email": "svanderburg@gmail.com",
                    "homepage": "http://sandervanderburg.nl"
                }
            ],
            "description": "Simple embeddable HTML editor",
            "time": "2017-08-19 10:35:12"
        },
        {
            "name": "svanderburg/php-sblayout",
            "version": "dev-master",
            "source": {
                "type": "git",
                "url": "https://github.com/svanderburg/php-sblayout.git",
                "reference": "32894d6b1f8280a97a0878d0615454dfbf77efc9"
            },
            "require-dev": {
                "phpunit/phpunit": "5.x"
            },
            "type": "library",
            "autoload": {
                "psr-4": {
                    "SBLayout\\": "src/SBLayout"
                },
                "files": [
                    "src/SBLayout/View/HTML/page.php",
                    "src/SBLayout/View/HTML/menusection.php",
                    "src/SBLayout/View/HTML/Util/composecontentpath.php",
                    "src/SBLayout/View/HTML/styles.php",
                    "src/SBLayout/View/HTML/scripts.php",
                    "src/SBLayout/View/HTML/controller.php",
                    "src/SBLayout/View/HTML/index.php",
                    "src/SBLayout/View/HTML/baseurl.php",
                    "src/SBLayout/View/HTML/section.php"
                ]
            },
            "autoload-dev": {
                "psr-4": {
                    "Examples\\Simple\\": "examples/simple/includes",
                    "Examples\\I18N\\": "examples/i18n/includes"
                }
            },
            "license": [
                "Apache-2.0"
            ],
            "authors": [
                {
                    "name": "Sander van der Burg",
                    "email": "svanderburg@gmail.com",
                    "homepage": "http://sandervanderburg.nl"
                }
            ],
            "description": "My custom website layout organiser framework for PHP",
            "time": "2017-08-27 19:20:42"
        }
    ],
    "packages-dev": [],
    "aliases": [],
    "minimum-stability": "stable",
    "stability-flags": {
        "svanderburg/php-sbcrud": 20,
        "svanderburg/php-sbdata": 20,
        "svanderburg/php-sblayout": 20,
        "svanderburg/php-sbeditor": 20
    },
    "prefer-stable": false,
    "prefer-lowest": false,
    "platform": {
        "ext-gd": "*"
    },
    "platform-dev": []
}
